// !$*UTF8*$!
{
	archiveVersion = 1;
	classes = {
	};
	objectVersion = 51;
	objects = {

/* Begin PBXBuildFile section */
		16954E5F70A1012AB39DC8B8 /* Pods_HelpHospital_HelpHospitalUITests.framework in Frameworks */ = {isa = PBXBuildFile; fileRef = 73ED2F714F5C581B22620CFA /* Pods_HelpHospital_HelpHospitalUITests.framework */; };
		6E5902262429007C00E3F3C2 /* AppDelegate.swift in Sources */ = {isa = PBXBuildFile; fileRef = 6E5902252429007C00E3F3C2 /* AppDelegate.swift */; };
		6E5902282429007C00E3F3C2 /* SceneDelegate.swift in Sources */ = {isa = PBXBuildFile; fileRef = 6E5902272429007C00E3F3C2 /* SceneDelegate.swift */; };
		6E5902302429007C00E3F3C2 /* HelpHospital.xcdatamodeld in Sources */ = {isa = PBXBuildFile; fileRef = 6E59022E2429007C00E3F3C2 /* HelpHospital.xcdatamodeld */; };
		6E5902322429008000E3F3C2 /* Assets.xcassets in Resources */ = {isa = PBXBuildFile; fileRef = 6E5902312429008000E3F3C2 /* Assets.xcassets */; };
		6E5902352429008000E3F3C2 /* LaunchScreen.storyboard in Resources */ = {isa = PBXBuildFile; fileRef = 6E5902332429008000E3F3C2 /* LaunchScreen.storyboard */; };
		6E5902402429008000E3F3C2 /* HelpHospitalTests.swift in Sources */ = {isa = PBXBuildFile; fileRef = 6E59023F2429008000E3F3C2 /* HelpHospitalTests.swift */; };
		6E59024B2429008000E3F3C2 /* HelpHospitalUITests.swift in Sources */ = {isa = PBXBuildFile; fileRef = 6E59024A2429008000E3F3C2 /* HelpHospitalUITests.swift */; };
		6E5A0E0A242E2C8900CDE281 /* NeedDetailViewController.swift in Sources */ = {isa = PBXBuildFile; fileRef = 6E5A0E09242E2C8900CDE281 /* NeedDetailViewController.swift */; };
		6E5A0E0C242EB4C600CDE281 /* NeedsDisconnectedViewController.swift in Sources */ = {isa = PBXBuildFile; fileRef = 6E5A0E0B242EB4C600CDE281 /* NeedsDisconnectedViewController.swift */; };
		6E5A0E10242EC2FB00CDE281 /* ChatController.swift in Sources */ = {isa = PBXBuildFile; fileRef = 6E5A0E0F242EC2FB00CDE281 /* ChatController.swift */; };
		6E5A0E12242EC38700CDE281 /* ChatCell.swift in Sources */ = {isa = PBXBuildFile; fileRef = 6E5A0E11242EC38700CDE281 /* ChatCell.swift */; };
		6E5A0E14242F662400CDE281 /* ChatMessageRepository.swift in Sources */ = {isa = PBXBuildFile; fileRef = 6E5A0E13242F662400CDE281 /* ChatMessageRepository.swift */; };
		6E5A0E16242F6CDF00CDE281 /* Message.swift in Sources */ = {isa = PBXBuildFile; fileRef = 6E5A0E15242F6CDF00CDE281 /* Message.swift */; };
		6E5A0E18242FBFC400CDE281 /* ConversationListController.swift in Sources */ = {isa = PBXBuildFile; fileRef = 6E5A0E17242FBFC300CDE281 /* ConversationListController.swift */; };
		6E5A0E1C242FCA1900CDE281 /* ConversationListCell.swift in Sources */ = {isa = PBXBuildFile; fileRef = 6E5A0E1B242FCA1900CDE281 /* ConversationListCell.swift */; };
		6E5A0E1E2430DB0E00CDE281 /* ChatMessagePreview.swift in Sources */ = {isa = PBXBuildFile; fileRef = 6E5A0E1D2430DB0E00CDE281 /* ChatMessagePreview.swift */; };
		6E5A0E212433E1D000CDE281 /* GoogleService-Info.plist in Resources */ = {isa = PBXBuildFile; fileRef = 6E5A0E202433E1D000CDE281 /* GoogleService-Info.plist */; };
		6E5A0E2424368AF000CDE281 /* HelpyButton.swift in Sources */ = {isa = PBXBuildFile; fileRef = 6E5A0E2324368AF000CDE281 /* HelpyButton.swift */; };
		6E5A0E2624368C2800CDE281 /* HelpyLabel.swift in Sources */ = {isa = PBXBuildFile; fileRef = 6E5A0E2524368C2800CDE281 /* HelpyLabel.swift */; };
		6E5A0E4E24392D1700CDE281 /* NeedHeaderCell.swift in Sources */ = {isa = PBXBuildFile; fileRef = 6E5A0E4D24392D1700CDE281 /* NeedHeaderCell.swift */; };
		6E5A0E502439F75E00CDE281 /* AllNeedsHeaderCell.swift in Sources */ = {isa = PBXBuildFile; fileRef = 6E5A0E4F2439F75E00CDE281 /* AllNeedsHeaderCell.swift */; };
		6E5A0E54243B406C00CDE281 /* NeedsPageViewController.swift in Sources */ = {isa = PBXBuildFile; fileRef = 6E5A0E53243B406C00CDE281 /* NeedsPageViewController.swift */; };
		6E5A0E5A243B428E00CDE281 /* UIPageViewController_ext.swift in Sources */ = {isa = PBXBuildFile; fileRef = 6E5A0E59243B428E00CDE281 /* UIPageViewController_ext.swift */; };
		6E5A0E5C243CFFD700CDE281 /* ContributionPageViewController.swift in Sources */ = {isa = PBXBuildFile; fileRef = 6E5A0E5B243CFFD700CDE281 /* ContributionPageViewController.swift */; };
		6E5A0E5F243D011D00CDE281 /* MyContributionViewController.swift in Sources */ = {isa = PBXBuildFile; fileRef = 6E5A0E5E243D011D00CDE281 /* MyContributionViewController.swift */; };
		6E5A0E61243D01FD00CDE281 /* AllContributionsViewController.swift in Sources */ = {isa = PBXBuildFile; fileRef = 6E5A0E60243D01FD00CDE281 /* AllContributionsViewController.swift */; };
		6E5A0E63243D07A200CDE281 /* Contribution.swift in Sources */ = {isa = PBXBuildFile; fileRef = 6E5A0E62243D07A200CDE281 /* Contribution.swift */; };
		6E5A0E66243D0B7300CDE281 /* MyContributionHeaderCell.swift in Sources */ = {isa = PBXBuildFile; fileRef = 6E5A0E65243D0B7300CDE281 /* MyContributionHeaderCell.swift */; };
		6E5A0E68243D0CF000CDE281 /* AllContributionsHeaderCell.swift in Sources */ = {isa = PBXBuildFile; fileRef = 6E5A0E67243D0CF000CDE281 /* AllContributionsHeaderCell.swift */; };
		6E5A0E6A243D277300CDE281 /* ContributionFormViewController.swift in Sources */ = {isa = PBXBuildFile; fileRef = 6E5A0E69243D277300CDE281 /* ContributionFormViewController.swift */; };
		6E5A0E6C243DD2D300CDE281 /* MyContributionsCell.swift in Sources */ = {isa = PBXBuildFile; fileRef = 6E5A0E6B243DD2D300CDE281 /* MyContributionsCell.swift */; };
		6E5A0E71243DE67500CDE281 /* AllContributionsCell.swift in Sources */ = {isa = PBXBuildFile; fileRef = 6E5A0E70243DE67500CDE281 /* AllContributionsCell.swift */; };
		6E5A0E73243E0A5E00CDE281 /* ContributionDetailViewController.swift in Sources */ = {isa = PBXBuildFile; fileRef = 6E5A0E72243E0A5E00CDE281 /* ContributionDetailViewController.swift */; };
		6E5A0E76244762AB00CDE281 /* OnBoardingPageController.swift in Sources */ = {isa = PBXBuildFile; fileRef = 6E5A0E75244762AB00CDE281 /* OnBoardingPageController.swift */; };
		6E5A0E78244762FA00CDE281 /* FirstSlideVC.swift in Sources */ = {isa = PBXBuildFile; fileRef = 6E5A0E77244762FA00CDE281 /* FirstSlideVC.swift */; };
		6E5A0E7A2447636C00CDE281 /* SecondSlideVC.swift in Sources */ = {isa = PBXBuildFile; fileRef = 6E5A0E792447636C00CDE281 /* SecondSlideVC.swift */; };
		6E623D6D242E08950092250D /* NeedsFormViewController.swift in Sources */ = {isa = PBXBuildFile; fileRef = 6E623D6C242E08950092250D /* NeedsFormViewController.swift */; };
		6E655AFC242B9E320081BB3B /* MemberSession.swift in Sources */ = {isa = PBXBuildFile; fileRef = 6E655AFB242B9E320081BB3B /* MemberSession.swift */; };
		6E655B00242BFA3B0081BB3B /* UIViewController_ext.swift in Sources */ = {isa = PBXBuildFile; fileRef = 6E655AFF242BFA3B0081BB3B /* UIViewController_ext.swift */; };
		6E655B05242BFC410081BB3B /* MyNeedsCell.swift in Sources */ = {isa = PBXBuildFile; fileRef = 6E655B04242BFC410081BB3B /* MyNeedsCell.swift */; };
		6E655B07242C032B0081BB3B /* Need.swift in Sources */ = {isa = PBXBuildFile; fileRef = 6E655B06242C032B0081BB3B /* Need.swift */; };
		6E655B0D242CD4A20081BB3B /* LoginRepository.swift in Sources */ = {isa = PBXBuildFile; fileRef = 6E655B0C242CD4A20081BB3B /* LoginRepository.swift */; };
		6E655B0F242D012C0081BB3B /* LocationManager.swift in Sources */ = {isa = PBXBuildFile; fileRef = 6E655B0E242D012C0081BB3B /* LocationManager.swift */; };
		6E655B11242D0B570081BB3B /* AllNeedsCell.swift in Sources */ = {isa = PBXBuildFile; fileRef = 6E655B10242D0B570081BB3B /* AllNeedsCell.swift */; };
		6E655B13242D11A40081BB3B /* Service.swift in Sources */ = {isa = PBXBuildFile; fileRef = 6E655B12242D11A40081BB3B /* Service.swift */; };
		6E65CDE0242B7E3A0067C724 /* HomeTabController.swift in Sources */ = {isa = PBXBuildFile; fileRef = 6E65CDDF242B7E3A0067C724 /* HomeTabController.swift */; };
		6E65CDE2242B7EA80067C724 /* SettingsViewController.swift in Sources */ = {isa = PBXBuildFile; fileRef = 6E65CDE1242B7EA80067C724 /* SettingsViewController.swift */; };
		6E65CDE4242B7F0F0067C724 /* MyNeedsViewController.swift in Sources */ = {isa = PBXBuildFile; fileRef = 6E65CDE3242B7F0F0067C724 /* MyNeedsViewController.swift */; };
		6E65CDE6242B7F560067C724 /* AllNeedsViewController.swift in Sources */ = {isa = PBXBuildFile; fileRef = 6E65CDE5242B7F560067C724 /* AllNeedsViewController.swift */; };
		6E678D6B242A57AD007CA125 /* UITextField_ext.swift in Sources */ = {isa = PBXBuildFile; fileRef = 6E678D6A242A57AC007CA125 /* UITextField_ext.swift */; };
		6E678D6D242A6672007CA125 /* CreateAccountViewController.swift in Sources */ = {isa = PBXBuildFile; fileRef = 6E678D6C242A6672007CA125 /* CreateAccountViewController.swift */; };
		6E697304242ABB2A0076064A /* TF.swift in Sources */ = {isa = PBXBuildFile; fileRef = 6E697303242ABB2A0076064A /* TF.swift */; };
		6ECFAF6B242A22F800D4FDE5 /* SplashViewController.swift in Sources */ = {isa = PBXBuildFile; fileRef = 6ECFAF6A242A22F800D4FDE5 /* SplashViewController.swift */; };
		6ECFAF6E242A2C8300D4FDE5 /* UIView+Layout.swift in Sources */ = {isa = PBXBuildFile; fileRef = 6ECFAF6D242A2C8300D4FDE5 /* UIView+Layout.swift */; };
		6ECFAF71242A2CCF00D4FDE5 /* Utils.swift in Sources */ = {isa = PBXBuildFile; fileRef = 6ECFAF70242A2CCF00D4FDE5 /* Utils.swift */; };
		6ECFAF73242A2D9700D4FDE5 /* Member.swift in Sources */ = {isa = PBXBuildFile; fileRef = 6ECFAF72242A2D9700D4FDE5 /* Member.swift */; };
		6ECFAF76242A2FEC00D4FDE5 /* LogInViewController.swift in Sources */ = {isa = PBXBuildFile; fileRef = 6ECFAF75242A2FEC00D4FDE5 /* LogInViewController.swift */; };
		6ECFAF78242A30D100D4FDE5 /* LoginView.swift in Sources */ = {isa = PBXBuildFile; fileRef = 6ECFAF77242A30D100D4FDE5 /* LoginView.swift */; };
		6ECFAF7A242A320100D4FDE5 /* Constants.swift in Sources */ = {isa = PBXBuildFile; fileRef = 6ECFAF79242A320100D4FDE5 /* Constants.swift */; };
		A8E1733D984DC3F1F829E475 /* Pods_HelpHospitalTests.framework in Frameworks */ = {isa = PBXBuildFile; fileRef = E983E9FE9BE6166837A65292 /* Pods_HelpHospitalTests.framework */; };
		D5491A48E9E2DCE2FDA2AC1B /* Pods_HelpHospital.framework in Frameworks */ = {isa = PBXBuildFile; fileRef = EB8CD979AEF8A7F6743A47E3 /* Pods_HelpHospital.framework */; };
/* End PBXBuildFile section */

/* Begin PBXContainerItemProxy section */
		6E59023C2429008000E3F3C2 /* PBXContainerItemProxy */ = {
			isa = PBXContainerItemProxy;
			containerPortal = 6E59021A2429007C00E3F3C2 /* Project object */;
			proxyType = 1;
			remoteGlobalIDString = 6E5902212429007C00E3F3C2;
			remoteInfo = HelpHospital;
		};
		6E5902472429008000E3F3C2 /* PBXContainerItemProxy */ = {
			isa = PBXContainerItemProxy;
			containerPortal = 6E59021A2429007C00E3F3C2 /* Project object */;
			proxyType = 1;
			remoteGlobalIDString = 6E5902212429007C00E3F3C2;
			remoteInfo = HelpHospital;
		};
/* End PBXContainerItemProxy section */

/* Begin PBXFileReference section */
		6E5902222429007C00E3F3C2 /* Helpy.app */ = {isa = PBXFileReference; explicitFileType = wrapper.application; includeInIndex = 0; path = Helpy.app; sourceTree = BUILT_PRODUCTS_DIR; };
		6E5902252429007C00E3F3C2 /* AppDelegate.swift */ = {isa = PBXFileReference; lastKnownFileType = sourcecode.swift; path = AppDelegate.swift; sourceTree = "<group>"; };
		6E5902272429007C00E3F3C2 /* SceneDelegate.swift */ = {isa = PBXFileReference; lastKnownFileType = sourcecode.swift; path = SceneDelegate.swift; sourceTree = "<group>"; };
		6E59022F2429007C00E3F3C2 /* HelpHospital.xcdatamodel */ = {isa = PBXFileReference; lastKnownFileType = wrapper.xcdatamodel; path = HelpHospital.xcdatamodel; sourceTree = "<group>"; };
		6E5902312429008000E3F3C2 /* Assets.xcassets */ = {isa = PBXFileReference; lastKnownFileType = folder.assetcatalog; path = Assets.xcassets; sourceTree = "<group>"; };
		6E5902342429008000E3F3C2 /* Base */ = {isa = PBXFileReference; lastKnownFileType = file.storyboard; name = Base; path = Base.lproj/LaunchScreen.storyboard; sourceTree = "<group>"; };
		6E5902362429008000E3F3C2 /* Info.plist */ = {isa = PBXFileReference; lastKnownFileType = text.plist.xml; path = Info.plist; sourceTree = "<group>"; };
		6E59023B2429008000E3F3C2 /* HelpHospitalTests.xctest */ = {isa = PBXFileReference; explicitFileType = wrapper.cfbundle; includeInIndex = 0; path = HelpHospitalTests.xctest; sourceTree = BUILT_PRODUCTS_DIR; };
		6E59023F2429008000E3F3C2 /* HelpHospitalTests.swift */ = {isa = PBXFileReference; lastKnownFileType = sourcecode.swift; path = HelpHospitalTests.swift; sourceTree = "<group>"; };
		6E5902412429008000E3F3C2 /* Info.plist */ = {isa = PBXFileReference; lastKnownFileType = text.plist.xml; path = Info.plist; sourceTree = "<group>"; };
		6E5902462429008000E3F3C2 /* HelpHospitalUITests.xctest */ = {isa = PBXFileReference; explicitFileType = wrapper.cfbundle; includeInIndex = 0; path = HelpHospitalUITests.xctest; sourceTree = BUILT_PRODUCTS_DIR; };
		6E59024A2429008000E3F3C2 /* HelpHospitalUITests.swift */ = {isa = PBXFileReference; lastKnownFileType = sourcecode.swift; path = HelpHospitalUITests.swift; sourceTree = "<group>"; };
		6E59024C2429008000E3F3C2 /* Info.plist */ = {isa = PBXFileReference; lastKnownFileType = text.plist.xml; path = Info.plist; sourceTree = "<group>"; };
		6E5A0E09242E2C8900CDE281 /* NeedDetailViewController.swift */ = {isa = PBXFileReference; lastKnownFileType = sourcecode.swift; path = NeedDetailViewController.swift; sourceTree = "<group>"; };
		6E5A0E0B242EB4C600CDE281 /* NeedsDisconnectedViewController.swift */ = {isa = PBXFileReference; lastKnownFileType = sourcecode.swift; path = NeedsDisconnectedViewController.swift; sourceTree = "<group>"; };
		6E5A0E0F242EC2FB00CDE281 /* ChatController.swift */ = {isa = PBXFileReference; lastKnownFileType = sourcecode.swift; path = ChatController.swift; sourceTree = "<group>"; };
		6E5A0E11242EC38700CDE281 /* ChatCell.swift */ = {isa = PBXFileReference; lastKnownFileType = sourcecode.swift; path = ChatCell.swift; sourceTree = "<group>"; };
		6E5A0E13242F662400CDE281 /* ChatMessageRepository.swift */ = {isa = PBXFileReference; lastKnownFileType = sourcecode.swift; path = ChatMessageRepository.swift; sourceTree = "<group>"; };
		6E5A0E15242F6CDF00CDE281 /* Message.swift */ = {isa = PBXFileReference; lastKnownFileType = sourcecode.swift; path = Message.swift; sourceTree = "<group>"; };
		6E5A0E17242FBFC300CDE281 /* ConversationListController.swift */ = {isa = PBXFileReference; lastKnownFileType = sourcecode.swift; path = ConversationListController.swift; sourceTree = "<group>"; };
		6E5A0E1B242FCA1900CDE281 /* ConversationListCell.swift */ = {isa = PBXFileReference; lastKnownFileType = sourcecode.swift; path = ConversationListCell.swift; sourceTree = "<group>"; };
		6E5A0E1D2430DB0E00CDE281 /* ChatMessagePreview.swift */ = {isa = PBXFileReference; lastKnownFileType = sourcecode.swift; path = ChatMessagePreview.swift; sourceTree = "<group>"; };
		6E5A0E202433E1D000CDE281 /* GoogleService-Info.plist */ = {isa = PBXFileReference; fileEncoding = 4; lastKnownFileType = text.plist.xml; path = "GoogleService-Info.plist"; sourceTree = "<group>"; };
		6E5A0E2324368AF000CDE281 /* HelpyButton.swift */ = {isa = PBXFileReference; lastKnownFileType = sourcecode.swift; path = HelpyButton.swift; sourceTree = "<group>"; };
		6E5A0E2524368C2800CDE281 /* HelpyLabel.swift */ = {isa = PBXFileReference; lastKnownFileType = sourcecode.swift; path = HelpyLabel.swift; sourceTree = "<group>"; };
		6E5A0E4D24392D1700CDE281 /* NeedHeaderCell.swift */ = {isa = PBXFileReference; lastKnownFileType = sourcecode.swift; path = NeedHeaderCell.swift; sourceTree = "<group>"; };
		6E5A0E4F2439F75E00CDE281 /* AllNeedsHeaderCell.swift */ = {isa = PBXFileReference; lastKnownFileType = sourcecode.swift; path = AllNeedsHeaderCell.swift; sourceTree = "<group>"; };
		6E5A0E53243B406C00CDE281 /* NeedsPageViewController.swift */ = {isa = PBXFileReference; lastKnownFileType = sourcecode.swift; path = NeedsPageViewController.swift; sourceTree = "<group>"; };
		6E5A0E59243B428E00CDE281 /* UIPageViewController_ext.swift */ = {isa = PBXFileReference; lastKnownFileType = sourcecode.swift; path = UIPageViewController_ext.swift; sourceTree = "<group>"; };
		6E5A0E5B243CFFD700CDE281 /* ContributionPageViewController.swift */ = {isa = PBXFileReference; lastKnownFileType = sourcecode.swift; path = ContributionPageViewController.swift; sourceTree = "<group>"; };
		6E5A0E5E243D011D00CDE281 /* MyContributionViewController.swift */ = {isa = PBXFileReference; lastKnownFileType = sourcecode.swift; path = MyContributionViewController.swift; sourceTree = "<group>"; };
		6E5A0E60243D01FD00CDE281 /* AllContributionsViewController.swift */ = {isa = PBXFileReference; lastKnownFileType = sourcecode.swift; path = AllContributionsViewController.swift; sourceTree = "<group>"; };
		6E5A0E62243D07A200CDE281 /* Contribution.swift */ = {isa = PBXFileReference; lastKnownFileType = sourcecode.swift; path = Contribution.swift; sourceTree = "<group>"; };
		6E5A0E65243D0B7300CDE281 /* MyContributionHeaderCell.swift */ = {isa = PBXFileReference; lastKnownFileType = sourcecode.swift; path = MyContributionHeaderCell.swift; sourceTree = "<group>"; };
		6E5A0E67243D0CF000CDE281 /* AllContributionsHeaderCell.swift */ = {isa = PBXFileReference; lastKnownFileType = sourcecode.swift; path = AllContributionsHeaderCell.swift; sourceTree = "<group>"; };
		6E5A0E69243D277300CDE281 /* ContributionFormViewController.swift */ = {isa = PBXFileReference; lastKnownFileType = sourcecode.swift; path = ContributionFormViewController.swift; sourceTree = "<group>"; };
		6E5A0E6B243DD2D300CDE281 /* MyContributionsCell.swift */ = {isa = PBXFileReference; lastKnownFileType = sourcecode.swift; path = MyContributionsCell.swift; sourceTree = "<group>"; };
		6E5A0E70243DE67500CDE281 /* AllContributionsCell.swift */ = {isa = PBXFileReference; lastKnownFileType = sourcecode.swift; path = AllContributionsCell.swift; sourceTree = "<group>"; };
		6E5A0E72243E0A5E00CDE281 /* ContributionDetailViewController.swift */ = {isa = PBXFileReference; lastKnownFileType = sourcecode.swift; path = ContributionDetailViewController.swift; sourceTree = "<group>"; };
		6E5A0E75244762AB00CDE281 /* OnBoardingPageController.swift */ = {isa = PBXFileReference; lastKnownFileType = sourcecode.swift; path = OnBoardingPageController.swift; sourceTree = "<group>"; };
		6E5A0E77244762FA00CDE281 /* FirstSlideVC.swift */ = {isa = PBXFileReference; lastKnownFileType = sourcecode.swift; path = FirstSlideVC.swift; sourceTree = "<group>"; };
		6E5A0E792447636C00CDE281 /* SecondSlideVC.swift */ = {isa = PBXFileReference; lastKnownFileType = sourcecode.swift; path = SecondSlideVC.swift; sourceTree = "<group>"; };
		6E623D6C242E08950092250D /* NeedsFormViewController.swift */ = {isa = PBXFileReference; lastKnownFileType = sourcecode.swift; path = NeedsFormViewController.swift; sourceTree = "<group>"; };
		6E655AFB242B9E320081BB3B /* MemberSession.swift */ = {isa = PBXFileReference; lastKnownFileType = sourcecode.swift; path = MemberSession.swift; sourceTree = "<group>"; };
		6E655AFF242BFA3B0081BB3B /* UIViewController_ext.swift */ = {isa = PBXFileReference; lastKnownFileType = sourcecode.swift; path = UIViewController_ext.swift; sourceTree = "<group>"; };
		6E655B04242BFC410081BB3B /* MyNeedsCell.swift */ = {isa = PBXFileReference; lastKnownFileType = sourcecode.swift; path = MyNeedsCell.swift; sourceTree = "<group>"; };
		6E655B06242C032B0081BB3B /* Need.swift */ = {isa = PBXFileReference; lastKnownFileType = sourcecode.swift; path = Need.swift; sourceTree = "<group>"; };
		6E655B0C242CD4A20081BB3B /* LoginRepository.swift */ = {isa = PBXFileReference; lastKnownFileType = sourcecode.swift; path = LoginRepository.swift; sourceTree = "<group>"; };
		6E655B0E242D012C0081BB3B /* LocationManager.swift */ = {isa = PBXFileReference; lastKnownFileType = sourcecode.swift; path = LocationManager.swift; sourceTree = "<group>"; };
		6E655B10242D0B570081BB3B /* AllNeedsCell.swift */ = {isa = PBXFileReference; lastKnownFileType = sourcecode.swift; path = AllNeedsCell.swift; sourceTree = "<group>"; };
		6E655B12242D11A40081BB3B /* Service.swift */ = {isa = PBXFileReference; lastKnownFileType = sourcecode.swift; path = Service.swift; sourceTree = "<group>"; };
		6E65CDDF242B7E3A0067C724 /* HomeTabController.swift */ = {isa = PBXFileReference; lastKnownFileType = sourcecode.swift; path = HomeTabController.swift; sourceTree = "<group>"; };
		6E65CDE1242B7EA80067C724 /* SettingsViewController.swift */ = {isa = PBXFileReference; lastKnownFileType = sourcecode.swift; path = SettingsViewController.swift; sourceTree = "<group>"; };
		6E65CDE3242B7F0F0067C724 /* MyNeedsViewController.swift */ = {isa = PBXFileReference; lastKnownFileType = sourcecode.swift; path = MyNeedsViewController.swift; sourceTree = "<group>"; };
		6E65CDE5242B7F560067C724 /* AllNeedsViewController.swift */ = {isa = PBXFileReference; lastKnownFileType = sourcecode.swift; path = AllNeedsViewController.swift; sourceTree = "<group>"; };
		6E678D6A242A57AC007CA125 /* UITextField_ext.swift */ = {isa = PBXFileReference; lastKnownFileType = sourcecode.swift; path = UITextField_ext.swift; sourceTree = "<group>"; };
		6E678D6C242A6672007CA125 /* CreateAccountViewController.swift */ = {isa = PBXFileReference; lastKnownFileType = sourcecode.swift; path = CreateAccountViewController.swift; sourceTree = "<group>"; };
		6E697303242ABB2A0076064A /* TF.swift */ = {isa = PBXFileReference; lastKnownFileType = sourcecode.swift; path = TF.swift; sourceTree = "<group>"; };
		6ECFAF6A242A22F800D4FDE5 /* SplashViewController.swift */ = {isa = PBXFileReference; lastKnownFileType = sourcecode.swift; path = SplashViewController.swift; sourceTree = "<group>"; };
		6ECFAF6D242A2C8300D4FDE5 /* UIView+Layout.swift */ = {isa = PBXFileReference; fileEncoding = 4; lastKnownFileType = sourcecode.swift; path = "UIView+Layout.swift"; sourceTree = "<group>"; };
		6ECFAF70242A2CCF00D4FDE5 /* Utils.swift */ = {isa = PBXFileReference; lastKnownFileType = sourcecode.swift; path = Utils.swift; sourceTree = "<group>"; };
		6ECFAF72242A2D9700D4FDE5 /* Member.swift */ = {isa = PBXFileReference; lastKnownFileType = sourcecode.swift; path = Member.swift; sourceTree = "<group>"; };
		6ECFAF75242A2FEC00D4FDE5 /* LogInViewController.swift */ = {isa = PBXFileReference; lastKnownFileType = sourcecode.swift; path = LogInViewController.swift; sourceTree = "<group>"; };
		6ECFAF77242A30D100D4FDE5 /* LoginView.swift */ = {isa = PBXFileReference; lastKnownFileType = sourcecode.swift; path = LoginView.swift; sourceTree = "<group>"; };
		6ECFAF79242A320100D4FDE5 /* Constants.swift */ = {isa = PBXFileReference; lastKnownFileType = sourcecode.swift; path = Constants.swift; sourceTree = "<group>"; };
		73ED2F714F5C581B22620CFA /* Pods_HelpHospital_HelpHospitalUITests.framework */ = {isa = PBXFileReference; explicitFileType = wrapper.framework; includeInIndex = 0; path = Pods_HelpHospital_HelpHospitalUITests.framework; sourceTree = BUILT_PRODUCTS_DIR; };
		8E2A1D77ADCFC513EB6537E5 /* Pods-HelpHospital-HelpHospitalUITests.release.xcconfig */ = {isa = PBXFileReference; includeInIndex = 1; lastKnownFileType = text.xcconfig; name = "Pods-HelpHospital-HelpHospitalUITests.release.xcconfig"; path = "Target Support Files/Pods-HelpHospital-HelpHospitalUITests/Pods-HelpHospital-HelpHospitalUITests.release.xcconfig"; sourceTree = "<group>"; };
		9190AE204806879DF49422CB /* Pods-HelpHospitalTests.debug.xcconfig */ = {isa = PBXFileReference; includeInIndex = 1; lastKnownFileType = text.xcconfig; name = "Pods-HelpHospitalTests.debug.xcconfig"; path = "Target Support Files/Pods-HelpHospitalTests/Pods-HelpHospitalTests.debug.xcconfig"; sourceTree = "<group>"; };
		A5F00BAD9DADDE4799121882 /* Pods-HelpHospital-HelpHospitalUITests.debug.xcconfig */ = {isa = PBXFileReference; includeInIndex = 1; lastKnownFileType = text.xcconfig; name = "Pods-HelpHospital-HelpHospitalUITests.debug.xcconfig"; path = "Target Support Files/Pods-HelpHospital-HelpHospitalUITests/Pods-HelpHospital-HelpHospitalUITests.debug.xcconfig"; sourceTree = "<group>"; };
		BCCDE29D804AFB0A68CE2EF4 /* Pods-HelpHospital.debug.xcconfig */ = {isa = PBXFileReference; includeInIndex = 1; lastKnownFileType = text.xcconfig; name = "Pods-HelpHospital.debug.xcconfig"; path = "Target Support Files/Pods-HelpHospital/Pods-HelpHospital.debug.xcconfig"; sourceTree = "<group>"; };
		D92FF18955E995925E865DFD /* Pods-HelpHospitalTests.release.xcconfig */ = {isa = PBXFileReference; includeInIndex = 1; lastKnownFileType = text.xcconfig; name = "Pods-HelpHospitalTests.release.xcconfig"; path = "Target Support Files/Pods-HelpHospitalTests/Pods-HelpHospitalTests.release.xcconfig"; sourceTree = "<group>"; };
		E983E9FE9BE6166837A65292 /* Pods_HelpHospitalTests.framework */ = {isa = PBXFileReference; explicitFileType = wrapper.framework; includeInIndex = 0; path = Pods_HelpHospitalTests.framework; sourceTree = BUILT_PRODUCTS_DIR; };
		EB8CD979AEF8A7F6743A47E3 /* Pods_HelpHospital.framework */ = {isa = PBXFileReference; explicitFileType = wrapper.framework; includeInIndex = 0; path = Pods_HelpHospital.framework; sourceTree = BUILT_PRODUCTS_DIR; };
		FE577E234C2622F6B86EC854 /* Pods-HelpHospital.release.xcconfig */ = {isa = PBXFileReference; includeInIndex = 1; lastKnownFileType = text.xcconfig; name = "Pods-HelpHospital.release.xcconfig"; path = "Target Support Files/Pods-HelpHospital/Pods-HelpHospital.release.xcconfig"; sourceTree = "<group>"; };
/* End PBXFileReference section */

/* Begin PBXFrameworksBuildPhase section */
		6E59021F2429007C00E3F3C2 /* Frameworks */ = {
			isa = PBXFrameworksBuildPhase;
			buildActionMask = 2147483647;
			files = (
				D5491A48E9E2DCE2FDA2AC1B /* Pods_HelpHospital.framework in Frameworks */,
			);
			runOnlyForDeploymentPostprocessing = 0;
		};
		6E5902382429008000E3F3C2 /* Frameworks */ = {
			isa = PBXFrameworksBuildPhase;
			buildActionMask = 2147483647;
			files = (
				A8E1733D984DC3F1F829E475 /* Pods_HelpHospitalTests.framework in Frameworks */,
			);
			runOnlyForDeploymentPostprocessing = 0;
		};
		6E5902432429008000E3F3C2 /* Frameworks */ = {
			isa = PBXFrameworksBuildPhase;
			buildActionMask = 2147483647;
			files = (
				16954E5F70A1012AB39DC8B8 /* Pods_HelpHospital_HelpHospitalUITests.framework in Frameworks */,
			);
			runOnlyForDeploymentPostprocessing = 0;
		};
/* End PBXFrameworksBuildPhase section */

/* Begin PBXGroup section */
		0247F3A7B202CCBEE93253E9 /* Pods */ = {
			isa = PBXGroup;
			children = (
				BCCDE29D804AFB0A68CE2EF4 /* Pods-HelpHospital.debug.xcconfig */,
				FE577E234C2622F6B86EC854 /* Pods-HelpHospital.release.xcconfig */,
				A5F00BAD9DADDE4799121882 /* Pods-HelpHospital-HelpHospitalUITests.debug.xcconfig */,
				8E2A1D77ADCFC513EB6537E5 /* Pods-HelpHospital-HelpHospitalUITests.release.xcconfig */,
				9190AE204806879DF49422CB /* Pods-HelpHospitalTests.debug.xcconfig */,
				D92FF18955E995925E865DFD /* Pods-HelpHospitalTests.release.xcconfig */,
			);
			path = Pods;
			sourceTree = "<group>";
		};
		6E5902192429007C00E3F3C2 = {
			isa = PBXGroup;
			children = (
				6E5902242429007C00E3F3C2 /* HelpHospital */,
				6E5902312429008000E3F3C2 /* Assets.xcassets */,
				6E59023E2429008000E3F3C2 /* HelpHospitalTests */,
				6E5902492429008000E3F3C2 /* HelpHospitalUITests */,
				6E5902232429007C00E3F3C2 /* Products */,
				0247F3A7B202CCBEE93253E9 /* Pods */,
				D5A0F32B4278B125E904F237 /* Frameworks */,
			);
			sourceTree = "<group>";
		};
		6E5902232429007C00E3F3C2 /* Products */ = {
			isa = PBXGroup;
			children = (
				6E5902222429007C00E3F3C2 /* Helpy.app */,
				6E59023B2429008000E3F3C2 /* HelpHospitalTests.xctest */,
				6E5902462429008000E3F3C2 /* HelpHospitalUITests.xctest */,
			);
			name = Products;
			sourceTree = "<group>";
		};
		6E5902242429007C00E3F3C2 /* HelpHospital */ = {
			isa = PBXGroup;
			children = (
				6E678D71242A8439007CA125 /* Model */,
				6E5A0E742447627E00CDE281 /* OnBoarding */,
				6E678D6E242A6B49007CA125 /* Home */,
				6E655B0B242CD48C0081BB3B /* Network */,
				6ECFAF6F242A2CA900D4FDE5 /* Utils */,
				6ECFAF6C242A2B9000D4FDE5 /* LaunchScreens */,
				6ECFAF7B242A338400D4FDE5 /* AppDelegate */,
				6E678D69242A5792007CA125 /* Extensions */,
				6E655B0A242CD1590081BB3B /* Trash */,
				6E5902362429008000E3F3C2 /* Info.plist */,
				6E5A0E202433E1D000CDE281 /* GoogleService-Info.plist */,
				6E59022E2429007C00E3F3C2 /* HelpHospital.xcdatamodeld */,
			);
			path = HelpHospital;
			sourceTree = "<group>";
		};
		6E59023E2429008000E3F3C2 /* HelpHospitalTests */ = {
			isa = PBXGroup;
			children = (
				6E59023F2429008000E3F3C2 /* HelpHospitalTests.swift */,
				6E5902412429008000E3F3C2 /* Info.plist */,
			);
			path = HelpHospitalTests;
			sourceTree = "<group>";
		};
		6E5902492429008000E3F3C2 /* HelpHospitalUITests */ = {
			isa = PBXGroup;
			children = (
				6E59024A2429008000E3F3C2 /* HelpHospitalUITests.swift */,
				6E59024C2429008000E3F3C2 /* Info.plist */,
			);
			path = HelpHospitalUITests;
			sourceTree = "<group>";
		};
		6E5A0E07242E2C0800CDE281 /* Home */ = {
			isa = PBXGroup;
			children = (
				6E5A0E5B243CFFD700CDE281 /* ContributionPageViewController.swift */,
				6E5A0E5D243D00EE00CDE281 /* Paged */,
				6E5A0E64243D0B5A00CDE281 /* Cells */,
			);
			path = Home;
			sourceTree = "<group>";
		};
		6E5A0E08242E2C6500CDE281 /* NeedDetail */ = {
			isa = PBXGroup;
			children = (
			);
			path = NeedDetail;
			sourceTree = "<group>";
		};
		6E5A0E0D242EB51600CDE281 /* Home */ = {
			isa = PBXGroup;
			children = (
				6E5A0E0B242EB4C600CDE281 /* NeedsDisconnectedViewController.swift */,
				6E5A0E53243B406C00CDE281 /* NeedsPageViewController.swift */,
				6E5A0E58243B420900CDE281 /* Paged */,
				6E655B01242BFB7A0081BB3B /* Cells */,
			);
			path = Home;
			sourceTree = "<group>";
		};
		6E5A0E0E242EC26500CDE281 /* Chat */ = {
			isa = PBXGroup;
			children = (
				6E5A0E1A242FC92F00CDE281 /* Chat List */,
				6E5A0E19242FC91C00CDE281 /* Chat Controller */,
			);
			path = Chat;
			sourceTree = "<group>";
		};
		6E5A0E19242FC91C00CDE281 /* Chat Controller */ = {
			isa = PBXGroup;
			children = (
				6E5A0E0F242EC2FB00CDE281 /* ChatController.swift */,
				6E5A0E11242EC38700CDE281 /* ChatCell.swift */,
			);
			path = "Chat Controller";
			sourceTree = "<group>";
		};
		6E5A0E1A242FC92F00CDE281 /* Chat List */ = {
			isa = PBXGroup;
			children = (
				6E5A0E17242FBFC300CDE281 /* ConversationListController.swift */,
				6E5A0E1B242FCA1900CDE281 /* ConversationListCell.swift */,
			);
			path = "Chat List";
			sourceTree = "<group>";
		};
		6E5A0E2224368AA100CDE281 /* Theme */ = {
			isa = PBXGroup;
			children = (
				6E697303242ABB2A0076064A /* TF.swift */,
				6E5A0E2324368AF000CDE281 /* HelpyButton.swift */,
				6E5A0E2524368C2800CDE281 /* HelpyLabel.swift */,
			);
			path = Theme;
			sourceTree = "<group>";
		};
		6E5A0E55243B409600CDE281 /* MessageTab */ = {
			isa = PBXGroup;
			children = (
				6E5A0E0E242EC26500CDE281 /* Chat */,
			);
			path = MessageTab;
			sourceTree = "<group>";
		};
		6E5A0E58243B420900CDE281 /* Paged */ = {
			isa = PBXGroup;
			children = (
				6E65CDE3242B7F0F0067C724 /* MyNeedsViewController.swift */,
				6E65CDE5242B7F560067C724 /* AllNeedsViewController.swift */,
			);
			path = Paged;
			sourceTree = "<group>";
		};
		6E5A0E5D243D00EE00CDE281 /* Paged */ = {
			isa = PBXGroup;
			children = (
				6E5A0E5E243D011D00CDE281 /* MyContributionViewController.swift */,
				6E5A0E60243D01FD00CDE281 /* AllContributionsViewController.swift */,
			);
			path = Paged;
			sourceTree = "<group>";
		};
		6E5A0E64243D0B5A00CDE281 /* Cells */ = {
			isa = PBXGroup;
			children = (
				6E5A0E6E243DD61D00CDE281 /* Header */,
				6E5A0E6B243DD2D300CDE281 /* MyContributionsCell.swift */,
				6E5A0E70243DE67500CDE281 /* AllContributionsCell.swift */,
			);
			path = Cells;
			sourceTree = "<group>";
		};
		6E5A0E6E243DD61D00CDE281 /* Header */ = {
			isa = PBXGroup;
			children = (
				6E5A0E65243D0B7300CDE281 /* MyContributionHeaderCell.swift */,
				6E5A0E67243D0CF000CDE281 /* AllContributionsHeaderCell.swift */,
			);
			path = Header;
			sourceTree = "<group>";
		};
		6E5A0E6F243DD62800CDE281 /* Header */ = {
			isa = PBXGroup;
			children = (
				6E5A0E4D24392D1700CDE281 /* NeedHeaderCell.swift */,
				6E5A0E4F2439F75E00CDE281 /* AllNeedsHeaderCell.swift */,
			);
			path = Header;
			sourceTree = "<group>";
		};
		6E5A0E742447627E00CDE281 /* OnBoarding */ = {
			isa = PBXGroup;
			children = (
				6E5A0E75244762AB00CDE281 /* OnBoardingPageController.swift */,
				6E5A0E77244762FA00CDE281 /* FirstSlideVC.swift */,
				6E5A0E792447636C00CDE281 /* SecondSlideVC.swift */,
			);
			path = OnBoarding;
			sourceTree = "<group>";
		};
		6E655B01242BFB7A0081BB3B /* Cells */ = {
			isa = PBXGroup;
			children = (
				6E5A0E6F243DD62800CDE281 /* Header */,
				6E655B04242BFC410081BB3B /* MyNeedsCell.swift */,
				6E655B10242D0B570081BB3B /* AllNeedsCell.swift */,
			);
			path = Cells;
			sourceTree = "<group>";
		};
		6E655B0A242CD1590081BB3B /* Trash */ = {
			isa = PBXGroup;
			children = (
			);
			path = Trash;
			sourceTree = "<group>";
		};
		6E655B0B242CD48C0081BB3B /* Network */ = {
			isa = PBXGroup;
			children = (
				6E655B0C242CD4A20081BB3B /* LoginRepository.swift */,
				6E655B12242D11A40081BB3B /* Service.swift */,
				6E5A0E13242F662400CDE281 /* ChatMessageRepository.swift */,
			);
			path = Network;
			sourceTree = "<group>";
		};
		6E65CDDE242B7DEF0067C724 /* HomeTabController */ = {
			isa = PBXGroup;
			children = (
				6E65CDDF242B7E3A0067C724 /* HomeTabController.swift */,
			);
			path = HomeTabController;
			sourceTree = "<group>";
		};
		6E65CDE8242B7F710067C724 /* NeedsTab */ = {
			isa = PBXGroup;
			children = (
				6E5A0E0D242EB51600CDE281 /* Home */,
			);
			path = NeedsTab;
			sourceTree = "<group>";
		};
		6E65CDE9242B7F7A0067C724 /* ContributionsTab */ = {
			isa = PBXGroup;
			children = (
				6E5A0E08242E2C6500CDE281 /* NeedDetail */,
				6E5A0E07242E2C0800CDE281 /* Home */,
				6E5A0E72243E0A5E00CDE281 /* ContributionDetailViewController.swift */,
			);
			path = ContributionsTab;
			sourceTree = "<group>";
		};
		6E65CDEA242B7F830067C724 /* SettingsTab */ = {
			isa = PBXGroup;
			children = (
				6ECFAF74242A2FA300D4FDE5 /* Log In */,
				6E65CDE1242B7EA80067C724 /* SettingsViewController.swift */,
			);
			path = SettingsTab;
			sourceTree = "<group>";
		};
		6E678D69242A5792007CA125 /* Extensions */ = {
			isa = PBXGroup;
			children = (
				6E678D6A242A57AC007CA125 /* UITextField_ext.swift */,
				6E655AFF242BFA3B0081BB3B /* UIViewController_ext.swift */,
				6E5A0E59243B428E00CDE281 /* UIPageViewController_ext.swift */,
			);
			path = Extensions;
			sourceTree = "<group>";
		};
		6E678D6E242A6B49007CA125 /* Home */ = {
			isa = PBXGroup;
			children = (
				6E65CDDE242B7DEF0067C724 /* HomeTabController */,
				6E5A0E55243B409600CDE281 /* MessageTab */,
				6E65CDEA242B7F830067C724 /* SettingsTab */,
				6E65CDE9242B7F7A0067C724 /* ContributionsTab */,
				6E5A0E69243D277300CDE281 /* ContributionFormViewController.swift */,
				6E65CDE8242B7F710067C724 /* NeedsTab */,
				6E623D6C242E08950092250D /* NeedsFormViewController.swift */,
				6E5A0E09242E2C8900CDE281 /* NeedDetailViewController.swift */,
			);
			path = Home;
			sourceTree = "<group>";
		};
		6E678D71242A8439007CA125 /* Model */ = {
			isa = PBXGroup;
			children = (
				6ECFAF72242A2D9700D4FDE5 /* Member.swift */,
				6E655AFB242B9E320081BB3B /* MemberSession.swift */,
				6E655B06242C032B0081BB3B /* Need.swift */,
				6E5A0E15242F6CDF00CDE281 /* Message.swift */,
				6E5A0E1D2430DB0E00CDE281 /* ChatMessagePreview.swift */,
				6E5A0E62243D07A200CDE281 /* Contribution.swift */,
			);
			path = Model;
			sourceTree = "<group>";
		};
		6ECFAF6C242A2B9000D4FDE5 /* LaunchScreens */ = {
			isa = PBXGroup;
			children = (
				6E5902332429008000E3F3C2 /* LaunchScreen.storyboard */,
				6ECFAF6A242A22F800D4FDE5 /* SplashViewController.swift */,
			);
			path = LaunchScreens;
			sourceTree = "<group>";
		};
		6ECFAF6F242A2CA900D4FDE5 /* Utils */ = {
			isa = PBXGroup;
			children = (
				6E5A0E2224368AA100CDE281 /* Theme */,
				6ECFAF6D242A2C8300D4FDE5 /* UIView+Layout.swift */,
				6ECFAF70242A2CCF00D4FDE5 /* Utils.swift */,
				6ECFAF79242A320100D4FDE5 /* Constants.swift */,
				6E655B0E242D012C0081BB3B /* LocationManager.swift */,
			);
			path = Utils;
			sourceTree = "<group>";
		};
		6ECFAF74242A2FA300D4FDE5 /* Log In */ = {
			isa = PBXGroup;
			children = (
				6ECFAF75242A2FEC00D4FDE5 /* LogInViewController.swift */,
				6ECFAF77242A30D100D4FDE5 /* LoginView.swift */,
				6E678D6C242A6672007CA125 /* CreateAccountViewController.swift */,
			);
			path = "Log In";
			sourceTree = "<group>";
		};
		6ECFAF7B242A338400D4FDE5 /* AppDelegate */ = {
			isa = PBXGroup;
			children = (
				6E5902272429007C00E3F3C2 /* SceneDelegate.swift */,
				6E5902252429007C00E3F3C2 /* AppDelegate.swift */,
			);
			path = AppDelegate;
			sourceTree = "<group>";
		};
		D5A0F32B4278B125E904F237 /* Frameworks */ = {
			isa = PBXGroup;
			children = (
				EB8CD979AEF8A7F6743A47E3 /* Pods_HelpHospital.framework */,
				73ED2F714F5C581B22620CFA /* Pods_HelpHospital_HelpHospitalUITests.framework */,
				E983E9FE9BE6166837A65292 /* Pods_HelpHospitalTests.framework */,
			);
			name = Frameworks;
			sourceTree = "<group>";
		};
/* End PBXGroup section */

/* Begin PBXNativeTarget section */
		6E5902212429007C00E3F3C2 /* HelpHospital */ = {
			isa = PBXNativeTarget;
			buildConfigurationList = 6E59024F2429008000E3F3C2 /* Build configuration list for PBXNativeTarget "HelpHospital" */;
			buildPhases = (
				FF83DB6334D0F1E5661CC653 /* [CP] Check Pods Manifest.lock */,
				6E59021E2429007C00E3F3C2 /* Sources */,
				6E59021F2429007C00E3F3C2 /* Frameworks */,
				6E5902202429007C00E3F3C2 /* Resources */,
				4D52F2BF8BDE7CD5774A4567 /* [CP] Embed Pods Frameworks */,
				849F42144246E6495AE010EB /* [CP] Copy Pods Resources */,
				6E5A0E1F2433D74000CDE281 /* ShellScript */,
			);
			buildRules = (
			);
			dependencies = (
			);
			name = HelpHospital;
			productName = HelpHospital;
			productReference = 6E5902222429007C00E3F3C2 /* Helpy.app */;
			productType = "com.apple.product-type.application";
		};
		6E59023A2429008000E3F3C2 /* HelpHospitalTests */ = {
			isa = PBXNativeTarget;
			buildConfigurationList = 6E5902522429008000E3F3C2 /* Build configuration list for PBXNativeTarget "HelpHospitalTests" */;
			buildPhases = (
				326B554A2E45F60CDD0B9C43 /* [CP] Check Pods Manifest.lock */,
				6E5902372429008000E3F3C2 /* Sources */,
				6E5902382429008000E3F3C2 /* Frameworks */,
				6E5902392429008000E3F3C2 /* Resources */,
			);
			buildRules = (
			);
			dependencies = (
				6E59023D2429008000E3F3C2 /* PBXTargetDependency */,
			);
			name = HelpHospitalTests;
			productName = HelpHospitalTests;
			productReference = 6E59023B2429008000E3F3C2 /* HelpHospitalTests.xctest */;
			productType = "com.apple.product-type.bundle.unit-test";
		};
		6E5902452429008000E3F3C2 /* HelpHospitalUITests */ = {
			isa = PBXNativeTarget;
			buildConfigurationList = 6E5902552429008000E3F3C2 /* Build configuration list for PBXNativeTarget "HelpHospitalUITests" */;
			buildPhases = (
				4E89EBE2D3CC7027C3D6219E /* [CP] Check Pods Manifest.lock */,
				6E5902422429008000E3F3C2 /* Sources */,
				6E5902432429008000E3F3C2 /* Frameworks */,
				6E5902442429008000E3F3C2 /* Resources */,
				06FAE1E689E7329247406177 /* [CP] Embed Pods Frameworks */,
				D2F70CB6302A3B54A378AA69 /* [CP] Copy Pods Resources */,
			);
			buildRules = (
			);
			dependencies = (
				6E5902482429008000E3F3C2 /* PBXTargetDependency */,
			);
			name = HelpHospitalUITests;
			productName = HelpHospitalUITests;
			productReference = 6E5902462429008000E3F3C2 /* HelpHospitalUITests.xctest */;
			productType = "com.apple.product-type.bundle.ui-testing";
		};
/* End PBXNativeTarget section */

/* Begin PBXProject section */
		6E59021A2429007C00E3F3C2 /* Project object */ = {
			isa = PBXProject;
			attributes = {
				LastSwiftUpdateCheck = 1130;
				LastUpgradeCheck = 1130;
				ORGANIZATIONNAME = "Eric DkL";
				TargetAttributes = {
					6E5902212429007C00E3F3C2 = {
						CreatedOnToolsVersion = 11.3.1;
					};
					6E59023A2429008000E3F3C2 = {
						CreatedOnToolsVersion = 11.3.1;
						TestTargetID = 6E5902212429007C00E3F3C2;
					};
					6E5902452429008000E3F3C2 = {
						CreatedOnToolsVersion = 11.3.1;
						TestTargetID = 6E5902212429007C00E3F3C2;
					};
				};
			};
			buildConfigurationList = 6E59021D2429007C00E3F3C2 /* Build configuration list for PBXProject "HelpHospital" */;
			compatibilityVersion = "Xcode 9.3";
			developmentRegion = en;
			hasScannedForEncodings = 0;
			knownRegions = (
				en,
				Base,
			);
			mainGroup = 6E5902192429007C00E3F3C2;
			productRefGroup = 6E5902232429007C00E3F3C2 /* Products */;
			projectDirPath = "";
			projectRoot = "";
			targets = (
				6E5902212429007C00E3F3C2 /* HelpHospital */,
				6E59023A2429008000E3F3C2 /* HelpHospitalTests */,
				6E5902452429008000E3F3C2 /* HelpHospitalUITests */,
			);
		};
/* End PBXProject section */

/* Begin PBXResourcesBuildPhase section */
		6E5902202429007C00E3F3C2 /* Resources */ = {
			isa = PBXResourcesBuildPhase;
			buildActionMask = 2147483647;
			files = (
				6E5902352429008000E3F3C2 /* LaunchScreen.storyboard in Resources */,
				6E5A0E212433E1D000CDE281 /* GoogleService-Info.plist in Resources */,
				6E5902322429008000E3F3C2 /* Assets.xcassets in Resources */,
			);
			runOnlyForDeploymentPostprocessing = 0;
		};
		6E5902392429008000E3F3C2 /* Resources */ = {
			isa = PBXResourcesBuildPhase;
			buildActionMask = 2147483647;
			files = (
			);
			runOnlyForDeploymentPostprocessing = 0;
		};
		6E5902442429008000E3F3C2 /* Resources */ = {
			isa = PBXResourcesBuildPhase;
			buildActionMask = 2147483647;
			files = (
			);
			runOnlyForDeploymentPostprocessing = 0;
		};
/* End PBXResourcesBuildPhase section */

/* Begin PBXShellScriptBuildPhase section */
		06FAE1E689E7329247406177 /* [CP] Embed Pods Frameworks */ = {
			isa = PBXShellScriptBuildPhase;
			buildActionMask = 2147483647;
			files = (
			);
			inputFileListPaths = (
				"${PODS_ROOT}/Target Support Files/Pods-HelpHospital-HelpHospitalUITests/Pods-HelpHospital-HelpHospitalUITests-frameworks-${CONFIGURATION}-input-files.xcfilelist",
			);
			name = "[CP] Embed Pods Frameworks";
			outputFileListPaths = (
				"${PODS_ROOT}/Target Support Files/Pods-HelpHospital-HelpHospitalUITests/Pods-HelpHospital-HelpHospitalUITests-frameworks-${CONFIGURATION}-output-files.xcfilelist",
			);
			runOnlyForDeploymentPostprocessing = 0;
			shellPath = /bin/sh;
			shellScript = "\"${PODS_ROOT}/Target Support Files/Pods-HelpHospital-HelpHospitalUITests/Pods-HelpHospital-HelpHospitalUITests-frameworks.sh\"\n";
			showEnvVarsInLog = 0;
		};
		326B554A2E45F60CDD0B9C43 /* [CP] Check Pods Manifest.lock */ = {
			isa = PBXShellScriptBuildPhase;
			buildActionMask = 2147483647;
			files = (
			);
			inputFileListPaths = (
			);
			inputPaths = (
				"${PODS_PODFILE_DIR_PATH}/Podfile.lock",
				"${PODS_ROOT}/Manifest.lock",
			);
			name = "[CP] Check Pods Manifest.lock";
			outputFileListPaths = (
			);
			outputPaths = (
				"$(DERIVED_FILE_DIR)/Pods-HelpHospitalTests-checkManifestLockResult.txt",
			);
			runOnlyForDeploymentPostprocessing = 0;
			shellPath = /bin/sh;
			shellScript = "diff \"${PODS_PODFILE_DIR_PATH}/Podfile.lock\" \"${PODS_ROOT}/Manifest.lock\" > /dev/null\nif [ $? != 0 ] ; then\n    # print error to STDERR\n    echo \"error: The sandbox is not in sync with the Podfile.lock. Run 'pod install' or update your CocoaPods installation.\" >&2\n    exit 1\nfi\n# This output is used by Xcode 'outputs' to avoid re-running this script phase.\necho \"SUCCESS\" > \"${SCRIPT_OUTPUT_FILE_0}\"\n";
			showEnvVarsInLog = 0;
		};
		4D52F2BF8BDE7CD5774A4567 /* [CP] Embed Pods Frameworks */ = {
			isa = PBXShellScriptBuildPhase;
			buildActionMask = 2147483647;
			files = (
			);
			inputFileListPaths = (
				"${PODS_ROOT}/Target Support Files/Pods-HelpHospital/Pods-HelpHospital-frameworks-${CONFIGURATION}-input-files.xcfilelist",
			);
			name = "[CP] Embed Pods Frameworks";
			outputFileListPaths = (
				"${PODS_ROOT}/Target Support Files/Pods-HelpHospital/Pods-HelpHospital-frameworks-${CONFIGURATION}-output-files.xcfilelist",
			);
			runOnlyForDeploymentPostprocessing = 0;
			shellPath = /bin/sh;
			shellScript = "\"${PODS_ROOT}/Target Support Files/Pods-HelpHospital/Pods-HelpHospital-frameworks.sh\"\n";
			showEnvVarsInLog = 0;
		};
		4E89EBE2D3CC7027C3D6219E /* [CP] Check Pods Manifest.lock */ = {
			isa = PBXShellScriptBuildPhase;
			buildActionMask = 2147483647;
			files = (
			);
			inputFileListPaths = (
			);
			inputPaths = (
				"${PODS_PODFILE_DIR_PATH}/Podfile.lock",
				"${PODS_ROOT}/Manifest.lock",
			);
			name = "[CP] Check Pods Manifest.lock";
			outputFileListPaths = (
			);
			outputPaths = (
				"$(DERIVED_FILE_DIR)/Pods-HelpHospital-HelpHospitalUITests-checkManifestLockResult.txt",
			);
			runOnlyForDeploymentPostprocessing = 0;
			shellPath = /bin/sh;
			shellScript = "diff \"${PODS_PODFILE_DIR_PATH}/Podfile.lock\" \"${PODS_ROOT}/Manifest.lock\" > /dev/null\nif [ $? != 0 ] ; then\n    # print error to STDERR\n    echo \"error: The sandbox is not in sync with the Podfile.lock. Run 'pod install' or update your CocoaPods installation.\" >&2\n    exit 1\nfi\n# This output is used by Xcode 'outputs' to avoid re-running this script phase.\necho \"SUCCESS\" > \"${SCRIPT_OUTPUT_FILE_0}\"\n";
			showEnvVarsInLog = 0;
		};
		6E5A0E1F2433D74000CDE281 /* ShellScript */ = {
			isa = PBXShellScriptBuildPhase;
			buildActionMask = 2147483647;
			files = (
			);
			inputFileListPaths = (
			);
			inputPaths = (
				"$(SRCROOT)/$(BUILT_PRODUCTS_DIR)/$(INFOPLIST_PATH)",
			);
			outputFileListPaths = (
			);
			outputPaths = (
			);
			runOnlyForDeploymentPostprocessing = 0;
			shellPath = /bin/sh;
			shellScript = "\"${PODS_ROOT}/Fabric/run\"\n";
		};
		849F42144246E6495AE010EB /* [CP] Copy Pods Resources */ = {
			isa = PBXShellScriptBuildPhase;
			buildActionMask = 2147483647;
			files = (
			);
			inputFileListPaths = (
				"${PODS_ROOT}/Target Support Files/Pods-HelpHospital/Pods-HelpHospital-resources-${CONFIGURATION}-input-files.xcfilelist",
			);
			name = "[CP] Copy Pods Resources";
			outputFileListPaths = (
				"${PODS_ROOT}/Target Support Files/Pods-HelpHospital/Pods-HelpHospital-resources-${CONFIGURATION}-output-files.xcfilelist",
			);
			runOnlyForDeploymentPostprocessing = 0;
			shellPath = /bin/sh;
			shellScript = "\"${PODS_ROOT}/Target Support Files/Pods-HelpHospital/Pods-HelpHospital-resources.sh\"\n";
			showEnvVarsInLog = 0;
		};
		D2F70CB6302A3B54A378AA69 /* [CP] Copy Pods Resources */ = {
			isa = PBXShellScriptBuildPhase;
			buildActionMask = 2147483647;
			files = (
			);
			inputFileListPaths = (
				"${PODS_ROOT}/Target Support Files/Pods-HelpHospital-HelpHospitalUITests/Pods-HelpHospital-HelpHospitalUITests-resources-${CONFIGURATION}-input-files.xcfilelist",
			);
			name = "[CP] Copy Pods Resources";
			outputFileListPaths = (
				"${PODS_ROOT}/Target Support Files/Pods-HelpHospital-HelpHospitalUITests/Pods-HelpHospital-HelpHospitalUITests-resources-${CONFIGURATION}-output-files.xcfilelist",
			);
			runOnlyForDeploymentPostprocessing = 0;
			shellPath = /bin/sh;
			shellScript = "\"${PODS_ROOT}/Target Support Files/Pods-HelpHospital-HelpHospitalUITests/Pods-HelpHospital-HelpHospitalUITests-resources.sh\"\n";
			showEnvVarsInLog = 0;
		};
		FF83DB6334D0F1E5661CC653 /* [CP] Check Pods Manifest.lock */ = {
			isa = PBXShellScriptBuildPhase;
			buildActionMask = 2147483647;
			files = (
			);
			inputFileListPaths = (
			);
			inputPaths = (
				"${PODS_PODFILE_DIR_PATH}/Podfile.lock",
				"${PODS_ROOT}/Manifest.lock",
			);
			name = "[CP] Check Pods Manifest.lock";
			outputFileListPaths = (
			);
			outputPaths = (
				"$(DERIVED_FILE_DIR)/Pods-HelpHospital-checkManifestLockResult.txt",
			);
			runOnlyForDeploymentPostprocessing = 0;
			shellPath = /bin/sh;
			shellScript = "diff \"${PODS_PODFILE_DIR_PATH}/Podfile.lock\" \"${PODS_ROOT}/Manifest.lock\" > /dev/null\nif [ $? != 0 ] ; then\n    # print error to STDERR\n    echo \"error: The sandbox is not in sync with the Podfile.lock. Run 'pod install' or update your CocoaPods installation.\" >&2\n    exit 1\nfi\n# This output is used by Xcode 'outputs' to avoid re-running this script phase.\necho \"SUCCESS\" > \"${SCRIPT_OUTPUT_FILE_0}\"\n";
			showEnvVarsInLog = 0;
		};
/* End PBXShellScriptBuildPhase section */

/* Begin PBXSourcesBuildPhase section */
		6E59021E2429007C00E3F3C2 /* Sources */ = {
			isa = PBXSourcesBuildPhase;
			buildActionMask = 2147483647;
			files = (
				6E5A0E0A242E2C8900CDE281 /* NeedDetailViewController.swift in Sources */,
				6E5A0E71243DE67500CDE281 /* AllContributionsCell.swift in Sources */,
				6E655B0D242CD4A20081BB3B /* LoginRepository.swift in Sources */,
				6E5A0E12242EC38700CDE281 /* ChatCell.swift in Sources */,
				6E5A0E73243E0A5E00CDE281 /* ContributionDetailViewController.swift in Sources */,
				6E5A0E54243B406C00CDE281 /* NeedsPageViewController.swift in Sources */,
				6E5A0E14242F662400CDE281 /* ChatMessageRepository.swift in Sources */,
				6E655B13242D11A40081BB3B /* Service.swift in Sources */,
				6E655B05242BFC410081BB3B /* MyNeedsCell.swift in Sources */,
				6E5A0E6C243DD2D300CDE281 /* MyContributionsCell.swift in Sources */,
				6E655B07242C032B0081BB3B /* Need.swift in Sources */,
				6E5A0E2624368C2800CDE281 /* HelpyLabel.swift in Sources */,
				6E678D6D242A6672007CA125 /* CreateAccountViewController.swift in Sources */,
				6E5902262429007C00E3F3C2 /* AppDelegate.swift in Sources */,
				6E5902302429007C00E3F3C2 /* HelpHospital.xcdatamodeld in Sources */,
				6E5902282429007C00E3F3C2 /* SceneDelegate.swift in Sources */,
				6E65CDE0242B7E3A0067C724 /* HomeTabController.swift in Sources */,
				6E5A0E5F243D011D00CDE281 /* MyContributionViewController.swift in Sources */,
				6ECFAF78242A30D100D4FDE5 /* LoginView.swift in Sources */,
				6ECFAF6B242A22F800D4FDE5 /* SplashViewController.swift in Sources */,
				6E5A0E2424368AF000CDE281 /* HelpyButton.swift in Sources */,
				6E5A0E4E24392D1700CDE281 /* NeedHeaderCell.swift in Sources */,
				6E5A0E7A2447636C00CDE281 /* SecondSlideVC.swift in Sources */,
				6ECFAF7A242A320100D4FDE5 /* Constants.swift in Sources */,
				6E5A0E502439F75E00CDE281 /* AllNeedsHeaderCell.swift in Sources */,
				6E5A0E1C242FCA1900CDE281 /* ConversationListCell.swift in Sources */,
				6E5A0E61243D01FD00CDE281 /* AllContributionsViewController.swift in Sources */,
				6ECFAF76242A2FEC00D4FDE5 /* LogInViewController.swift in Sources */,
				6E655B0F242D012C0081BB3B /* LocationManager.swift in Sources */,
				6ECFAF6E242A2C8300D4FDE5 /* UIView+Layout.swift in Sources */,
				6E5A0E68243D0CF000CDE281 /* AllContributionsHeaderCell.swift in Sources */,
				6E5A0E18242FBFC400CDE281 /* ConversationListController.swift in Sources */,
				6E5A0E10242EC2FB00CDE281 /* ChatController.swift in Sources */,
				6E655AFC242B9E320081BB3B /* MemberSession.swift in Sources */,
				6E5A0E63243D07A200CDE281 /* Contribution.swift in Sources */,
				6E5A0E16242F6CDF00CDE281 /* Message.swift in Sources */,
				6E65CDE2242B7EA80067C724 /* SettingsViewController.swift in Sources */,
				6E5A0E66243D0B7300CDE281 /* MyContributionHeaderCell.swift in Sources */,
				6E5A0E6A243D277300CDE281 /* ContributionFormViewController.swift in Sources */,
				6E5A0E78244762FA00CDE281 /* FirstSlideVC.swift in Sources */,
				6E5A0E5A243B428E00CDE281 /* UIPageViewController_ext.swift in Sources */,
				6E655B00242BFA3B0081BB3B /* UIViewController_ext.swift in Sources */,
				6E5A0E5C243CFFD700CDE281 /* ContributionPageViewController.swift in Sources */,
				6E5A0E76244762AB00CDE281 /* OnBoardingPageController.swift in Sources */,
				6ECFAF71242A2CCF00D4FDE5 /* Utils.swift in Sources */,
				6E678D6B242A57AD007CA125 /* UITextField_ext.swift in Sources */,
				6E65CDE4242B7F0F0067C724 /* MyNeedsViewController.swift in Sources */,
				6E5A0E0C242EB4C600CDE281 /* NeedsDisconnectedViewController.swift in Sources */,
				6ECFAF73242A2D9700D4FDE5 /* Member.swift in Sources */,
				6E623D6D242E08950092250D /* NeedsFormViewController.swift in Sources */,
				6E65CDE6242B7F560067C724 /* AllNeedsViewController.swift in Sources */,
				6E5A0E1E2430DB0E00CDE281 /* ChatMessagePreview.swift in Sources */,
				6E697304242ABB2A0076064A /* TF.swift in Sources */,
				6E655B11242D0B570081BB3B /* AllNeedsCell.swift in Sources */,
			);
			runOnlyForDeploymentPostprocessing = 0;
		};
		6E5902372429008000E3F3C2 /* Sources */ = {
			isa = PBXSourcesBuildPhase;
			buildActionMask = 2147483647;
			files = (
				6E5902402429008000E3F3C2 /* HelpHospitalTests.swift in Sources */,
			);
			runOnlyForDeploymentPostprocessing = 0;
		};
		6E5902422429008000E3F3C2 /* Sources */ = {
			isa = PBXSourcesBuildPhase;
			buildActionMask = 2147483647;
			files = (
				6E59024B2429008000E3F3C2 /* HelpHospitalUITests.swift in Sources */,
			);
			runOnlyForDeploymentPostprocessing = 0;
		};
/* End PBXSourcesBuildPhase section */

/* Begin PBXTargetDependency section */
		6E59023D2429008000E3F3C2 /* PBXTargetDependency */ = {
			isa = PBXTargetDependency;
			target = 6E5902212429007C00E3F3C2 /* HelpHospital */;
			targetProxy = 6E59023C2429008000E3F3C2 /* PBXContainerItemProxy */;
		};
		6E5902482429008000E3F3C2 /* PBXTargetDependency */ = {
			isa = PBXTargetDependency;
			target = 6E5902212429007C00E3F3C2 /* HelpHospital */;
			targetProxy = 6E5902472429008000E3F3C2 /* PBXContainerItemProxy */;
		};
/* End PBXTargetDependency section */

/* Begin PBXVariantGroup section */
		6E5902332429008000E3F3C2 /* LaunchScreen.storyboard */ = {
			isa = PBXVariantGroup;
			children = (
				6E5902342429008000E3F3C2 /* Base */,
			);
			name = LaunchScreen.storyboard;
			sourceTree = "<group>";
		};
/* End PBXVariantGroup section */

/* Begin XCBuildConfiguration section */
		6E59024D2429008000E3F3C2 /* Debug */ = {
			isa = XCBuildConfiguration;
			buildSettings = {
				ALWAYS_SEARCH_USER_PATHS = NO;
				CLANG_ANALYZER_NONNULL = YES;
				CLANG_ANALYZER_NUMBER_OBJECT_CONVERSION = YES_AGGRESSIVE;
				CLANG_CXX_LANGUAGE_STANDARD = "gnu++14";
				CLANG_CXX_LIBRARY = "libc++";
				CLANG_ENABLE_MODULES = YES;
				CLANG_ENABLE_OBJC_ARC = YES;
				CLANG_ENABLE_OBJC_WEAK = YES;
				CLANG_WARN_BLOCK_CAPTURE_AUTORELEASING = YES;
				CLANG_WARN_BOOL_CONVERSION = YES;
				CLANG_WARN_COMMA = YES;
				CLANG_WARN_CONSTANT_CONVERSION = YES;
				CLANG_WARN_DEPRECATED_OBJC_IMPLEMENTATIONS = YES;
				CLANG_WARN_DIRECT_OBJC_ISA_USAGE = YES_ERROR;
				CLANG_WARN_DOCUMENTATION_COMMENTS = YES;
				CLANG_WARN_EMPTY_BODY = YES;
				CLANG_WARN_ENUM_CONVERSION = YES;
				CLANG_WARN_INFINITE_RECURSION = YES;
				CLANG_WARN_INT_CONVERSION = YES;
				CLANG_WARN_NON_LITERAL_NULL_CONVERSION = YES;
				CLANG_WARN_OBJC_IMPLICIT_RETAIN_SELF = YES;
				CLANG_WARN_OBJC_LITERAL_CONVERSION = YES;
				CLANG_WARN_OBJC_ROOT_CLASS = YES_ERROR;
				CLANG_WARN_RANGE_LOOP_ANALYSIS = YES;
				CLANG_WARN_STRICT_PROTOTYPES = YES;
				CLANG_WARN_SUSPICIOUS_MOVE = YES;
				CLANG_WARN_UNGUARDED_AVAILABILITY = YES_AGGRESSIVE;
				CLANG_WARN_UNREACHABLE_CODE = YES;
				CLANG_WARN__DUPLICATE_METHOD_MATCH = YES;
				COPY_PHASE_STRIP = NO;
				DEBUG_INFORMATION_FORMAT = dwarf;
				ENABLE_STRICT_OBJC_MSGSEND = YES;
				ENABLE_TESTABILITY = YES;
				GCC_C_LANGUAGE_STANDARD = gnu11;
				GCC_DYNAMIC_NO_PIC = NO;
				GCC_NO_COMMON_BLOCKS = YES;
				GCC_OPTIMIZATION_LEVEL = 0;
				GCC_PREPROCESSOR_DEFINITIONS = (
					"DEBUG=1",
					"$(inherited)",
				);
				GCC_WARN_64_TO_32_BIT_CONVERSION = YES;
				GCC_WARN_ABOUT_RETURN_TYPE = YES_ERROR;
				GCC_WARN_UNDECLARED_SELECTOR = YES;
				GCC_WARN_UNINITIALIZED_AUTOS = YES_AGGRESSIVE;
				GCC_WARN_UNUSED_FUNCTION = YES;
				GCC_WARN_UNUSED_VARIABLE = YES;
				IPHONEOS_DEPLOYMENT_TARGET = 13.2;
				MTL_ENABLE_DEBUG_INFO = INCLUDE_SOURCE;
				MTL_FAST_MATH = YES;
				ONLY_ACTIVE_ARCH = YES;
				SDKROOT = iphoneos;
				SWIFT_ACTIVE_COMPILATION_CONDITIONS = DEBUG;
				SWIFT_OPTIMIZATION_LEVEL = "-Onone";
			};
			name = Debug;
		};
		6E59024E2429008000E3F3C2 /* Release */ = {
			isa = XCBuildConfiguration;
			buildSettings = {
				ALWAYS_SEARCH_USER_PATHS = NO;
				CLANG_ANALYZER_NONNULL = YES;
				CLANG_ANALYZER_NUMBER_OBJECT_CONVERSION = YES_AGGRESSIVE;
				CLANG_CXX_LANGUAGE_STANDARD = "gnu++14";
				CLANG_CXX_LIBRARY = "libc++";
				CLANG_ENABLE_MODULES = YES;
				CLANG_ENABLE_OBJC_ARC = YES;
				CLANG_ENABLE_OBJC_WEAK = YES;
				CLANG_WARN_BLOCK_CAPTURE_AUTORELEASING = YES;
				CLANG_WARN_BOOL_CONVERSION = YES;
				CLANG_WARN_COMMA = YES;
				CLANG_WARN_CONSTANT_CONVERSION = YES;
				CLANG_WARN_DEPRECATED_OBJC_IMPLEMENTATIONS = YES;
				CLANG_WARN_DIRECT_OBJC_ISA_USAGE = YES_ERROR;
				CLANG_WARN_DOCUMENTATION_COMMENTS = YES;
				CLANG_WARN_EMPTY_BODY = YES;
				CLANG_WARN_ENUM_CONVERSION = YES;
				CLANG_WARN_INFINITE_RECURSION = YES;
				CLANG_WARN_INT_CONVERSION = YES;
				CLANG_WARN_NON_LITERAL_NULL_CONVERSION = YES;
				CLANG_WARN_OBJC_IMPLICIT_RETAIN_SELF = YES;
				CLANG_WARN_OBJC_LITERAL_CONVERSION = YES;
				CLANG_WARN_OBJC_ROOT_CLASS = YES_ERROR;
				CLANG_WARN_RANGE_LOOP_ANALYSIS = YES;
				CLANG_WARN_STRICT_PROTOTYPES = YES;
				CLANG_WARN_SUSPICIOUS_MOVE = YES;
				CLANG_WARN_UNGUARDED_AVAILABILITY = YES_AGGRESSIVE;
				CLANG_WARN_UNREACHABLE_CODE = YES;
				CLANG_WARN__DUPLICATE_METHOD_MATCH = YES;
				COPY_PHASE_STRIP = NO;
				DEBUG_INFORMATION_FORMAT = "dwarf-with-dsym";
				ENABLE_NS_ASSERTIONS = NO;
				ENABLE_STRICT_OBJC_MSGSEND = YES;
				GCC_C_LANGUAGE_STANDARD = gnu11;
				GCC_NO_COMMON_BLOCKS = YES;
				GCC_WARN_64_TO_32_BIT_CONVERSION = YES;
				GCC_WARN_ABOUT_RETURN_TYPE = YES_ERROR;
				GCC_WARN_UNDECLARED_SELECTOR = YES;
				GCC_WARN_UNINITIALIZED_AUTOS = YES_AGGRESSIVE;
				GCC_WARN_UNUSED_FUNCTION = YES;
				GCC_WARN_UNUSED_VARIABLE = YES;
				IPHONEOS_DEPLOYMENT_TARGET = 13.2;
				MTL_ENABLE_DEBUG_INFO = NO;
				MTL_FAST_MATH = YES;
				SDKROOT = iphoneos;
				SWIFT_COMPILATION_MODE = wholemodule;
				SWIFT_OPTIMIZATION_LEVEL = "-O";
				VALIDATE_PRODUCT = YES;
			};
			name = Release;
		};
		6E5902502429008000E3F3C2 /* Debug */ = {
			isa = XCBuildConfiguration;
			baseConfigurationReference = BCCDE29D804AFB0A68CE2EF4 /* Pods-HelpHospital.debug.xcconfig */;
			buildSettings = {
				ALWAYS_EMBED_SWIFT_STANDARD_LIBRARIES = "$(inherited)";
				ASSETCATALOG_COMPILER_APPICON_NAME = "AppIcon-2";
				CODE_SIGN_STYLE = Automatic;
				CURRENT_PROJECT_VERSION = 9;
				DEVELOPMENT_TEAM = 5YCAA5UQ97;
				INFOPLIST_FILE = HelpHospital/Info.plist;
				IPHONEOS_DEPLOYMENT_TARGET = 13.0;
				LD_RUNPATH_SEARCH_PATHS = (
					"$(inherited)",
					"@executable_path/Frameworks",
				);
				MARKETING_VERSION = 1.4.3;
				PRODUCT_BUNDLE_IDENTIFIER = com.requena.HelpyHospital;
				PRODUCT_NAME = Helpy;
				SWIFT_VERSION = 5.0;
				TARGETED_DEVICE_FAMILY = 1;
			};
			name = Debug;
		};
		6E5902512429008000E3F3C2 /* Release */ = {
			isa = XCBuildConfiguration;
			baseConfigurationReference = FE577E234C2622F6B86EC854 /* Pods-HelpHospital.release.xcconfig */;
			buildSettings = {
				ALWAYS_EMBED_SWIFT_STANDARD_LIBRARIES = "$(inherited)";
				ASSETCATALOG_COMPILER_APPICON_NAME = "AppIcon-2";
				CODE_SIGN_STYLE = Automatic;
				CURRENT_PROJECT_VERSION = 9;
				DEVELOPMENT_TEAM = 5YCAA5UQ97;
				INFOPLIST_FILE = HelpHospital/Info.plist;
				IPHONEOS_DEPLOYMENT_TARGET = 13.0;
				LD_RUNPATH_SEARCH_PATHS = (
					"$(inherited)",
					"@executable_path/Frameworks",
				);
				MARKETING_VERSION = 1.4.3;
				PRODUCT_BUNDLE_IDENTIFIER = com.requena.HelpyHospital;
				PRODUCT_NAME = Helpy;
				SWIFT_VERSION = 5.0;
				TARGETED_DEVICE_FAMILY = 1;
			};
			name = Release;
		};
		6E5902532429008000E3F3C2 /* Debug */ = {
			isa = XCBuildConfiguration;
			baseConfigurationReference = 9190AE204806879DF49422CB /* Pods-HelpHospitalTests.debug.xcconfig */;
			buildSettings = {
				ALWAYS_EMBED_SWIFT_STANDARD_LIBRARIES = YES;
				BUNDLE_LOADER = "$(TEST_HOST)";
				CODE_SIGN_STYLE = Automatic;
				DEVELOPMENT_TEAM = 5YCAA5UQ97;
				INFOPLIST_FILE = HelpHospitalTests/Info.plist;
				IPHONEOS_DEPLOYMENT_TARGET = 13.2;
				LD_RUNPATH_SEARCH_PATHS = (
					"$(inherited)",
					"@executable_path/Frameworks",
					"@loader_path/Frameworks",
				);
				PRODUCT_BUNDLE_IDENTIFIER = none.HelpHospitalTests;
				PRODUCT_NAME = "$(TARGET_NAME)";
				SWIFT_VERSION = 5.0;
				TARGETED_DEVICE_FAMILY = "1,2";
				TEST_HOST = "$(BUILT_PRODUCTS_DIR)/HelpHospital.app/HelpHospital";
			};
			name = Debug;
		};
		6E5902542429008000E3F3C2 /* Release */ = {
			isa = XCBuildConfiguration;
			baseConfigurationReference = D92FF18955E995925E865DFD /* Pods-HelpHospitalTests.release.xcconfig */;
			buildSettings = {
				ALWAYS_EMBED_SWIFT_STANDARD_LIBRARIES = YES;
				BUNDLE_LOADER = "$(TEST_HOST)";
				CODE_SIGN_STYLE = Automatic;
				DEVELOPMENT_TEAM = 5YCAA5UQ97;
				INFOPLIST_FILE = HelpHospitalTests/Info.plist;
				IPHONEOS_DEPLOYMENT_TARGET = 13.2;
				LD_RUNPATH_SEARCH_PATHS = (
					"$(inherited)",
					"@executable_path/Frameworks",
					"@loader_path/Frameworks",
				);
				PRODUCT_BUNDLE_IDENTIFIER = none.HelpHospitalTests;
				PRODUCT_NAME = "$(TARGET_NAME)";
				SWIFT_VERSION = 5.0;
				TARGETED_DEVICE_FAMILY = "1,2";
				TEST_HOST = "$(BUILT_PRODUCTS_DIR)/HelpHospital.app/HelpHospital";
			};
			name = Release;
		};
		6E5902562429008000E3F3C2 /* Debug */ = {
			isa = XCBuildConfiguration;
			baseConfigurationReference = A5F00BAD9DADDE4799121882 /* Pods-HelpHospital-HelpHospitalUITests.debug.xcconfig */;
			buildSettings = {
				ALWAYS_EMBED_SWIFT_STANDARD_LIBRARIES = "$(inherited)";
				CODE_SIGN_STYLE = Automatic;
				DEVELOPMENT_TEAM = 5YCAA5UQ97;
				INFOPLIST_FILE = HelpHospitalUITests/Info.plist;
				LD_RUNPATH_SEARCH_PATHS = (
					"$(inherited)",
					"@executable_path/Frameworks",
					"@loader_path/Frameworks",
				);
				PRODUCT_BUNDLE_IDENTIFIER = none.HelpHospitalUITests;
				PRODUCT_NAME = "$(TARGET_NAME)";
				SWIFT_VERSION = 5.0;
				TARGETED_DEVICE_FAMILY = "1,2";
				TEST_TARGET_NAME = HelpHospital;
			};
			name = Debug;
		};
		6E5902572429008000E3F3C2 /* Release */ = {
			isa = XCBuildConfiguration;
			baseConfigurationReference = 8E2A1D77ADCFC513EB6537E5 /* Pods-HelpHospital-HelpHospitalUITests.release.xcconfig */;
			buildSettings = {
				ALWAYS_EMBED_SWIFT_STANDARD_LIBRARIES = "$(inherited)";
				CODE_SIGN_STYLE = Automatic;
				DEVELOPMENT_TEAM = 5YCAA5UQ97;
				INFOPLIST_FILE = HelpHospitalUITests/Info.plist;
				LD_RUNPATH_SEARCH_PATHS = (
					"$(inherited)",
					"@executable_path/Frameworks",
					"@loader_path/Frameworks",
				);
				PRODUCT_BUNDLE_IDENTIFIER = none.HelpHospitalUITests;
				PRODUCT_NAME = "$(TARGET_NAME)";
				SWIFT_VERSION = 5.0;
				TARGETED_DEVICE_FAMILY = "1,2";
				TEST_TARGET_NAME = HelpHospital;
			};
			name = Release;
		};
/* End XCBuildConfiguration section */

/* Begin XCConfigurationList section */
		6E59021D2429007C00E3F3C2 /* Build configuration list for PBXProject "HelpHospital" */ = {
			isa = XCConfigurationList;
			buildConfigurations = (
				6E59024D2429008000E3F3C2 /* Debug */,
				6E59024E2429008000E3F3C2 /* Release */,
			);
			defaultConfigurationIsVisible = 0;
			defaultConfigurationName = Release;
		};
		6E59024F2429008000E3F3C2 /* Build configuration list for PBXNativeTarget "HelpHospital" */ = {
			isa = XCConfigurationList;
			buildConfigurations = (
				6E5902502429008000E3F3C2 /* Debug */,
				6E5902512429008000E3F3C2 /* Release */,
			);
			defaultConfigurationIsVisible = 0;
			defaultConfigurationName = Release;
		};
		6E5902522429008000E3F3C2 /* Build configuration list for PBXNativeTarget "HelpHospitalTests" */ = {
			isa = XCConfigurationList;
			buildConfigurations = (
				6E5902532429008000E3F3C2 /* Debug */,
				6E5902542429008000E3F3C2 /* Release */,
			);
			defaultConfigurationIsVisible = 0;
			defaultConfigurationName = Release;
		};
		6E5902552429008000E3F3C2 /* Build configuration list for PBXNativeTarget "HelpHospitalUITests" */ = {
			isa = XCConfigurationList;
			buildConfigurations = (
				6E5902562429008000E3F3C2 /* Debug */,
				6E5902572429008000E3F3C2 /* Release */,
			);
			defaultConfigurationIsVisible = 0;
			defaultConfigurationName = Release;
		};
/* End XCConfigurationList section */

/* Begin XCVersionGroup section */
		6E59022E2429007C00E3F3C2 /* HelpHospital.xcdatamodeld */ = {
			isa = XCVersionGroup;
			children = (
				6E59022F2429007C00E3F3C2 /* HelpHospital.xcdatamodel */,
			);
			currentVersion = 6E59022F2429007C00E3F3C2 /* HelpHospital.xcdatamodel */;
			path = HelpHospital.xcdatamodeld;
			sourceTree = "<group>";
			versionGroupType = wrapper.xcdatamodel;
		};
/* End XCVersionGroup section */
	};
	rootObject = 6E59021A2429007C00E3F3C2 /* Project object */;
}
